
Microsoft Visual Studio Solution File, Format Version 12.00
Project("{FAE04EC0-301F-11D3-BF4B-00C04F79EFBC}") = "CHSMonitoring.API", "CHSMonitoring.API\CHSMonitoring.API.csproj", "{68C6989A-A263-4DA6-B37D-F39411CABE02}"
EndProject
Project("{2150E333-8FDC-42A3-9474-1A3956D46DE8}") = "src", "src", "{C533AD3E-8D22-4B19-860D-2AD9C5ED8587}"
EndProject
Project("{2150E333-8FDC-42A3-9474-1A3956D46DE8}") = "shared", "shared", "{C1350886-58FA-4FB5-BFF4-E86F8B88E52A}"
EndProject
Project("{2150E333-8FDC-42A3-9474-1A3956D46DE8}") = "tests", "tests", "{83FFC41F-B232-4083-81E9-ACF3B6734E1B}"
EndProject
Project("{2150E333-8FDC-42A3-9474-1A3956D46DE8}") = "infrastructure", "infrastructure", "{BC4422D3-1313-4587-AE05-7170018A2615}"
EndProject
Project("{FAE04EC0-301F-11D3-BF4B-00C04F79EFBC}") = "CHSMonitoring.Domain", "CHSMonitoring.Domain\CHSMonitoring.Domain.csproj", "{3890C6C4-DFCA-45AB-82D1-285A2381137B}"
EndProject
Project("{FAE04EC0-301F-11D3-BF4B-00C04F79EFBC}") = "CHSMonitoring.Infrastructure", "CHSMonitoring.Infrastructure\CHSMonitoring.Infrastructure.csproj", "{1B169C17-6D50-451B-97BD-FE3BA6E5A993}"
EndProject
Project("{FAE04EC0-301F-11D3-BF4B-00C04F79EFBC}") = "CHSMonitoring.Application", "CHSMonitoring.Application\CHSMonitoring.Application.csproj", "{1C2A1F95-192F-4857-83E0-B16CA6BA5B01}"
EndProject
Project("{FAE04EC0-301F-11D3-BF4B-00C04F79EFBC}") = "Shared", "Shared\Shared.csproj", "{3ABD4C3A-0740-4227-82D2-8337366C80CC}"
EndProject
Global
	GlobalSection(SolutionConfigurationPlatforms) = preSolution
		Debug|Any CPU = Debug|Any CPU
		Release|Any CPU = Release|Any CPU
	EndGlobalSection
	GlobalSection(ProjectConfigurationPlatforms) = postSolution
		{68C6989A-A263-4DA6-B37D-F39411CABE02}.Debug|Any CPU.ActiveCfg = Debug|Any CPU
		{68C6989A-A263-4DA6-B37D-F39411CABE02}.Debug|Any CPU.Build.0 = Debug|Any CPU
		{68C6989A-A263-4DA6-B37D-F39411CABE02}.Release|Any CPU.ActiveCfg = Release|Any CPU
		{68C6989A-A263-4DA6-B37D-F39411CABE02}.Release|Any CPU.Build.0 = Release|Any CPU
		{3890C6C4-DFCA-45AB-82D1-285A2381137B}.Debug|Any CPU.ActiveCfg = Debug|Any CPU
		{3890C6C4-DFCA-45AB-82D1-285A2381137B}.Debug|Any CPU.Build.0 = Debug|Any CPU
		{3890C6C4-DFCA-45AB-82D1-285A2381137B}.Release|Any CPU.ActiveCfg = Release|Any CPU
		{3890C6C4-DFCA-45AB-82D1-285A2381137B}.Release|Any CPU.Build.0 = Release|Any CPU
		{1B169C17-6D50-451B-97BD-FE3BA6E5A993}.Debug|Any CPU.ActiveCfg = Debug|Any CPU
		{1B169C17-6D50-451B-97BD-FE3BA6E5A993}.Debug|Any CPU.Build.0 = Debug|Any CPU
		{1B169C17-6D50-451B-97BD-FE3BA6E5A993}.Release|Any CPU.ActiveCfg = Release|Any CPU
		{1B169C17-6D50-451B-97BD-FE3BA6E5A993}.Release|Any CPU.Build.0 = Release|Any CPU
		{1C2A1F95-192F-4857-83E0-B16CA6BA5B01}.Debug|Any CPU.ActiveCfg = Debug|Any CPU
		{1C2A1F95-192F-4857-83E0-B16CA6BA5B01}.Debug|Any CPU.Build.0 = Debug|Any CPU
		{1C2A1F95-192F-4857-83E0-B16CA6BA5B01}.Release|Any CPU.ActiveCfg = Release|Any CPU
		{1C2A1F95-192F-4857-83E0-B16CA6BA5B01}.Release|Any CPU.Build.0 = Release|Any CPU
		{3ABD4C3A-0740-4227-82D2-8337366C80CC}.Debug|Any CPU.ActiveCfg = Debug|Any CPU
		{3ABD4C3A-0740-4227-82D2-8337366C80CC}.Debug|Any CPU.Build.0 = Debug|Any CPU
		{3ABD4C3A-0740-4227-82D2-8337366C80CC}.Release|Any CPU.ActiveCfg = Release|Any CPU
		{3ABD4C3A-0740-4227-82D2-8337366C80CC}.Release|Any CPU.Build.0 = Release|Any CPU
	EndGlobalSection
	GlobalSection(NestedProjects) = preSolution
		{68C6989A-A263-4DA6-B37D-F39411CABE02} = {C533AD3E-8D22-4B19-860D-2AD9C5ED8587}
		{3890C6C4-DFCA-45AB-82D1-285A2381137B} = {C533AD3E-8D22-4B19-860D-2AD9C5ED8587}
		{1B169C17-6D50-451B-97BD-FE3BA6E5A993} = {C533AD3E-8D22-4B19-860D-2AD9C5ED8587}
		{1C2A1F95-192F-4857-83E0-B16CA6BA5B01} = {C533AD3E-8D22-4B19-860D-2AD9C5ED8587}
		{3ABD4C3A-0740-4227-82D2-8337366C80CC} = {C1350886-58FA-4FB5-BFF4-E86F8B88E52A}
	EndGlobalSection
EndGlobal
